
Microsoft Visual Studio Solution File, Format Version 12.00
# Visual Studio 15
VisualStudioVersion = 15.0.28307.168
MinimumVisualStudioVersion = 10.0.40219.1
Project("{FAE04EC0-301F-11D3-BF4B-00C04F79EFBC}") = "UrlShortner.Web", "UrlShortner.Web\UrlShortner.Web.csproj", "{7BDF2705-27F3-4A78-8AB1-1AA8A1C35C8D}"
EndProject
Project("{FAE04EC0-301F-11D3-BF4B-00C04F79EFBC}") = "UrlShortner.Data", "UrlShortner.Data\UrlShortner.Data.csproj", "{1A0687BD-1AF1-4F60-BFA0-F19F1DA5CE0F}"
EndProject
Global
	GlobalSection(SolutionConfigurationPlatforms) = preSolution
		Debug|Any CPU = Debug|Any CPU
		Release|Any CPU = Release|Any CPU
	EndGlobalSection
	GlobalSection(ProjectConfigurationPlatforms) = postSolution
		{7BDF2705-27F3-4A78-8AB1-1AA8A1C35C8D}.Debug|Any CPU.ActiveCfg = Debug|Any CPU
		{7BDF2705-27F3-4A78-8AB1-1AA8A1C35C8D}.Debug|Any CPU.Build.0 = Debug|Any CPU
		{7BDF2705-27F3-4A78-8AB1-1AA8A1C35C8D}.Release|Any CPU.ActiveCfg = Release|Any CPU
		{7BDF2705-27F3-4A78-8AB1-1AA8A1C35C8D}.Release|Any CPU.Build.0 = Release|Any CPU
		{1A0687BD-1AF1-4F60-BFA0-F19F1DA5CE0F}.Debug|Any CPU.ActiveCfg = Debug|Any CPU
		{1A0687BD-1AF1-4F60-BFA0-F19F1DA5CE0F}.Debug|Any CPU.Build.0 = Debug|Any CPU
		{1A0687BD-1AF1-4F60-BFA0-F19F1DA5CE0F}.Release|Any CPU.ActiveCfg = Release|Any CPU
		{1A0687BD-1AF1-4F60-BFA0-F19F1DA5CE0F}.Release|Any CPU.Build.0 = Release|Any CPU
	EndGlobalSection
	GlobalSection(SolutionProperties) = preSolution
		HideSolutionNode = FALSE
	EndGlobalSection
	GlobalSection(ExtensibilityGlobals) = postSolution
		SolutionGuid = {7B74370F-C486-4FB3-A377-CA6ABB622A47}
	EndGlobalSection
EndGlobal
